
Microsoft Visual Studio Solution File, Format Version 12.00
# Visual Studio Version 17
VisualStudioVersion = 17.14.36623.8 d17.14
MinimumVisualStudioVersion = 10.0.40219.1
Project("{FAE04EC0-301F-11D3-BF4B-00C04F79EFBC}") = "NBSToTraincarts", "NBSToTraincarts\NBSToTraincarts.csproj", "{3204146D-DC1A-4A0D-BC5C-4FE8B99A34CF}"
EndProject
Global
	GlobalSection(SolutionConfigurationPlatforms) = preSolution
		Debug|Any CPU = Debug|Any CPU
		Release|Any CPU = Release|Any CPU
	EndGlobalSection
	GlobalSection(ProjectConfigurationPlatforms) = postSolution
		{3204146D-DC1A-4A0D-BC5C-4FE8B99A34CF}.Debug|Any CPU.ActiveCfg = Debug|Any CPU
		{3204146D-DC1A-4A0D-BC5C-4FE8B99A34CF}.Debug|Any CPU.Build.0 = Debug|Any CPU
		{3204146D-DC1A-4A0D-BC5C-4FE8B99A34CF}.Release|Any CPU.ActiveCfg = Release|Any CPU
		{3204146D-DC1A-4A0D-BC5C-4FE8B99A34CF}.Release|Any CPU.Build.0 = Release|Any CPU
	EndGlobalSection
	GlobalSection(SolutionProperties) = preSolution
		HideSolutionNode = FALSE
	EndGlobalSection
	GlobalSection(ExtensibilityGlobals) = postSolution
		SolutionGuid = {A40EE028-E631-48DD-9C09-1E846F729589}
	EndGlobalSection
EndGlobal
